
Microsoft Visual Studio Solution File, Format Version 12.00
# Visual Studio Version 16
VisualStudioVersion = 16.0.31321.278
MinimumVisualStudioVersion = 10.0.40219.1
Project("{FAE04EC0-301F-11D3-BF4B-00C04F79EFBC}") = "Otomasyon", "Otomasyon\Otomasyon.csproj", "{FA04330A-F1FB-4FAE-927D-26C9F4265AC2}"
EndProject
Global
	GlobalSection(SolutionConfigurationPlatforms) = preSolution
		Debug|Any CPU = Debug|Any CPU
		Release|Any CPU = Release|Any CPU
	EndGlobalSection
	GlobalSection(ProjectConfigurationPlatforms) = postSolution
		{FA04330A-F1FB-4FAE-927D-26C9F4265AC2}.Debug|Any CPU.ActiveCfg = Debug|Any CPU
		{FA04330A-F1FB-4FAE-927D-26C9F4265AC2}.Debug|Any CPU.Build.0 = Debug|Any CPU
		{FA04330A-F1FB-4FAE-927D-26C9F4265AC2}.Release|Any CPU.ActiveCfg = Release|Any CPU
		{FA04330A-F1FB-4FAE-927D-26C9F4265AC2}.Release|Any CPU.Build.0 = Release|Any CPU
	EndGlobalSection
	GlobalSection(SolutionProperties) = preSolution
		HideSolutionNode = FALSE
	EndGlobalSection
	GlobalSection(ExtensibilityGlobals) = postSolution
		SolutionGuid = {F1AF10F1-F2EB-440A-91C1-825F1606D930}
	EndGlobalSection
EndGlobal
